
Microsoft Visual Studio Solution File, Format Version 12.00
# Visual Studio 15
Project("{FAE04EC0-301F-11D3-BF4B-00C04F79EFBC}") = "UsernamePasswordProject.Android", "UsernamePasswordProject.Android\UsernamePasswordProject.Android.csproj", "{3913958F-7F19-4635-89B1-D8E2863690A3}"
EndProject
Project("{FAE04EC0-301F-11D3-BF4B-00C04F79EFBC}") = "UsernamePasswordProject.iOS", "UsernamePasswordProject.iOS\UsernamePasswordProject.iOS.csproj", "{2E4E4CF1-31C3-4A6A-9E31-9CA82A95FA9E}"
EndProject
Project("{FAE04EC0-301F-11D3-BF4B-00C04F79EFBC}") = "UsernamePasswordProject", "UsernamePasswordProject\UsernamePasswordProject.csproj", "{D047F02D-3E38-474E-BED0-A732AF5B5E22}"
EndProject
Global
	GlobalSection(SolutionConfigurationPlatforms) = preSolution
		Debug|Any CPU = Debug|Any CPU
		Release|Any CPU = Release|Any CPU
		Debug|iPhoneSimulator = Debug|iPhoneSimulator
		Release|iPhoneSimulator = Release|iPhoneSimulator
		Debug|iPhone = Debug|iPhone
		Release|iPhone = Release|iPhone
	EndGlobalSection
	GlobalSection(ProjectConfigurationPlatforms) = postSolution
		{3913958F-7F19-4635-89B1-D8E2863690A3}.Debug|Any CPU.ActiveCfg = Debug|Any CPU
		{3913958F-7F19-4635-89B1-D8E2863690A3}.Debug|Any CPU.Build.0 = Debug|Any CPU
		{3913958F-7F19-4635-89B1-D8E2863690A3}.Release|Any CPU.ActiveCfg = Release|Any CPU
		{3913958F-7F19-4635-89B1-D8E2863690A3}.Release|Any CPU.Build.0 = Release|Any CPU
		{3913958F-7F19-4635-89B1-D8E2863690A3}.Debug|iPhoneSimulator.ActiveCfg = Debug|Any CPU
		{3913958F-7F19-4635-89B1-D8E2863690A3}.Debug|iPhoneSimulator.Build.0 = Debug|Any CPU
		{3913958F-7F19-4635-89B1-D8E2863690A3}.Release|iPhoneSimulator.ActiveCfg = Release|Any CPU
		{3913958F-7F19-4635-89B1-D8E2863690A3}.Release|iPhoneSimulator.Build.0 = Release|Any CPU
		{3913958F-7F19-4635-89B1-D8E2863690A3}.Debug|iPhone.ActiveCfg = Debug|Any CPU
		{3913958F-7F19-4635-89B1-D8E2863690A3}.Debug|iPhone.Build.0 = Debug|Any CPU
		{3913958F-7F19-4635-89B1-D8E2863690A3}.Release|iPhone.ActiveCfg = Release|Any CPU
		{3913958F-7F19-4635-89B1-D8E2863690A3}.Release|iPhone.Build.0 = Release|Any CPU
		{2E4E4CF1-31C3-4A6A-9E31-9CA82A95FA9E}.Debug|Any CPU.ActiveCfg = Debug|iPhoneSimulator
		{2E4E4CF1-31C3-4A6A-9E31-9CA82A95FA9E}.Debug|Any CPU.Build.0 = Debug|iPhoneSimulator
		{2E4E4CF1-31C3-4A6A-9E31-9CA82A95FA9E}.Release|Any CPU.ActiveCfg = Release|iPhoneSimulator
		{2E4E4CF1-31C3-4A6A-9E31-9CA82A95FA9E}.Release|Any CPU.Build.0 = Release|iPhoneSimulator
		{2E4E4CF1-31C3-4A6A-9E31-9CA82A95FA9E}.Debug|iPhoneSimulator.ActiveCfg = Debug|iPhoneSimulator
		{2E4E4CF1-31C3-4A6A-9E31-9CA82A95FA9E}.Debug|iPhoneSimulator.Build.0 = Debug|iPhoneSimulator
		{2E4E4CF1-31C3-4A6A-9E31-9CA82A95FA9E}.Release|iPhoneSimulator.ActiveCfg = Release|iPhoneSimulator
		{2E4E4CF1-31C3-4A6A-9E31-9CA82A95FA9E}.Release|iPhoneSimulator.Build.0 = Release|iPhoneSimulator
		{2E4E4CF1-31C3-4A6A-9E31-9CA82A95FA9E}.Debug|iPhone.ActiveCfg = Debug|iPhone
		{2E4E4CF1-31C3-4A6A-9E31-9CA82A95FA9E}.Debug|iPhone.Build.0 = Debug|iPhone
		{2E4E4CF1-31C3-4A6A-9E31-9CA82A95FA9E}.Release|iPhone.ActiveCfg = Release|iPhone
		{2E4E4CF1-31C3-4A6A-9E31-9CA82A95FA9E}.Release|iPhone.Build.0 = Release|iPhone
		{D047F02D-3E38-474E-BED0-A732AF5B5E22}.Debug|Any CPU.ActiveCfg = Debug|Any CPU
		{D047F02D-3E38-474E-BED0-A732AF5B5E22}.Debug|Any CPU.Build.0 = Debug|Any CPU
		{D047F02D-3E38-474E-BED0-A732AF5B5E22}.Release|Any CPU.ActiveCfg = Release|Any CPU
		{D047F02D-3E38-474E-BED0-A732AF5B5E22}.Release|Any CPU.Build.0 = Release|Any CPU
		{D047F02D-3E38-474E-BED0-A732AF5B5E22}.Debug|iPhoneSimulator.ActiveCfg = Debug|Any CPU
		{D047F02D-3E38-474E-BED0-A732AF5B5E22}.Debug|iPhoneSimulator.Build.0 = Debug|Any CPU
		{D047F02D-3E38-474E-BED0-A732AF5B5E22}.Release|iPhoneSimulator.ActiveCfg = Release|Any CPU
		{D047F02D-3E38-474E-BED0-A732AF5B5E22}.Release|iPhoneSimulator.Build.0 = Release|Any CPU
		{D047F02D-3E38-474E-BED0-A732AF5B5E22}.Debug|iPhone.ActiveCfg = Debug|Any CPU
		{D047F02D-3E38-474E-BED0-A732AF5B5E22}.Debug|iPhone.Build.0 = Debug|Any CPU
		{D047F02D-3E38-474E-BED0-A732AF5B5E22}.Release|iPhone.ActiveCfg = Release|Any CPU
		{D047F02D-3E38-474E-BED0-A732AF5B5E22}.Release|iPhone.Build.0 = Release|Any CPU
	EndGlobalSection
EndGlobal
